
Microsoft Visual Studio Solution File, Format Version 12.00
# Visual Studio Version 17
VisualStudioVersion = 17.0.32112.339
MinimumVisualStudioVersion = 10.0.40219.1
Project("{FAE04EC0-301F-11D3-BF4B-00C04F79EFBC}") = "TestApp", "TestApp\TestApp.csproj", "{20C30294-C831-4E3D-974E-A7C5E9342BDF}"
EndProject
Global
	GlobalSection(SolutionConfigurationPlatforms) = preSolution
		Debug|Any CPU = Debug|Any CPU
		Release|Any CPU = Release|Any CPU
	EndGlobalSection
	GlobalSection(ProjectConfigurationPlatforms) = postSolution
		{20C30294-C831-4E3D-974E-A7C5E9342BDF}.Debug|Any CPU.ActiveCfg = Debug|Any CPU
		{20C30294-C831-4E3D-974E-A7C5E9342BDF}.Debug|Any CPU.Build.0 = Debug|Any CPU
		{20C30294-C831-4E3D-974E-A7C5E9342BDF}.Release|Any CPU.ActiveCfg = Release|Any CPU
		{20C30294-C831-4E3D-974E-A7C5E9342BDF}.Release|Any CPU.Build.0 = Release|Any CPU
	EndGlobalSection
	GlobalSection(SolutionProperties) = preSolution
		HideSolutionNode = FALSE
	EndGlobalSection
	GlobalSection(ExtensibilityGlobals) = postSolution
		SolutionGuid = {C0FC4716-5B3A-43FC-AE63-725AD042B6A8}
	EndGlobalSection
EndGlobal
